
Microsoft Visual Studio Solution File, Format Version 12.00
# Visual Studio Version 17
VisualStudioVersion = 17.5.33530.505
MinimumVisualStudioVersion = 10.0.40219.1
Project("{FAE04EC0-301F-11D3-BF4B-00C04F79EFBC}") = "Task1", "Task1\Task1.csproj", "{CCF93CC4-0DBD-4D81-98B5-2A1F76DD999E}"
EndProject
Global
	GlobalSection(SolutionConfigurationPlatforms) = preSolution
		Debug|Any CPU = Debug|Any CPU
		Release|Any CPU = Release|Any CPU
	EndGlobalSection
	GlobalSection(ProjectConfigurationPlatforms) = postSolution
		{CCF93CC4-0DBD-4D81-98B5-2A1F76DD999E}.Debug|Any CPU.ActiveCfg = Debug|Any CPU
		{CCF93CC4-0DBD-4D81-98B5-2A1F76DD999E}.Debug|Any CPU.Build.0 = Debug|Any CPU
		{CCF93CC4-0DBD-4D81-98B5-2A1F76DD999E}.Release|Any CPU.ActiveCfg = Release|Any CPU
		{CCF93CC4-0DBD-4D81-98B5-2A1F76DD999E}.Release|Any CPU.Build.0 = Release|Any CPU
	EndGlobalSection
	GlobalSection(SolutionProperties) = preSolution
		HideSolutionNode = FALSE
	EndGlobalSection
	GlobalSection(ExtensibilityGlobals) = postSolution
		SolutionGuid = {86898800-5E26-4014-8453-69A015877CA5}
	EndGlobalSection
EndGlobal
